
Microsoft Visual Studio Solution File, Format Version 12.00
# Visual Studio Version 17
VisualStudioVersion = 17.13.35818.85 d17.13
MinimumVisualStudioVersion = 10.0.40219.1
Project("{FAE04EC0-301F-11D3-BF4B-00C04F79EFBC}") = "Exercise_03", "Exercise_03\Exercise_03.csproj", "{406C98C6-7941-4EA3-8259-159E268DB6FF}"
EndProject
Global
	GlobalSection(SolutionConfigurationPlatforms) = preSolution
		Debug|Any CPU = Debug|Any CPU
		Release|Any CPU = Release|Any CPU
	EndGlobalSection
	GlobalSection(ProjectConfigurationPlatforms) = postSolution
		{406C98C6-7941-4EA3-8259-159E268DB6FF}.Debug|Any CPU.ActiveCfg = Debug|Any CPU
		{406C98C6-7941-4EA3-8259-159E268DB6FF}.Debug|Any CPU.Build.0 = Debug|Any CPU
		{406C98C6-7941-4EA3-8259-159E268DB6FF}.Release|Any CPU.ActiveCfg = Release|Any CPU
		{406C98C6-7941-4EA3-8259-159E268DB6FF}.Release|Any CPU.Build.0 = Release|Any CPU
	EndGlobalSection
	GlobalSection(SolutionProperties) = preSolution
		HideSolutionNode = FALSE
	EndGlobalSection
	GlobalSection(ExtensibilityGlobals) = postSolution
		SolutionGuid = {EBEFA1C3-DD6D-4699-B8C3-FD86D89B0923}
	EndGlobalSection
EndGlobal
